{
  "originHash" : "2c0261f106d00b9d159a50d469a54374012d75d036ebe9e97b4332c2bd2bb298",
  "pins" : [
    {
      "identity" : "alamofire",
      "kind" : "remoteSourceControl",
      "location" : "https://github.com/Alamofire/Alamofire.git",
      "state" : {
        "revision" : "e938f8c66708e7352fc7e3512647fa54255b267a",
        "version" : "5.11.2"
      }
    },
    {
      "identity" : "nuke",
      "kind" : "remoteSourceControl",
      "location" : "https://github.com/kean/Nuke",
      "state" : {
        "revision" : "4a3dd00de49cb2536ee46cd648137ea3197684df",
        "version" : "13.0.5"
      }
    }
  ],
  "version" : 3
}
